// !$*UTF8*$!
{
	archiveVersion = 1;
	classes = {
	};
	objectVersion = 50;
	objects = {

/* Begin PBXBuildFile section */
		0DD0AAA3222AD9E8009A7570 /* AppDelegate.swift in Sources */ = {isa = PBXBuildFile; fileRef = 0DD0AAA2222AD9E8009A7570 /* AppDelegate.swift */; };
		0DD0AAA5222AD9E8009A7570 /* SymbolTableViewController.swift in Sources */ = {isa = PBXBuildFile; fileRef = 0DD0AAA4222AD9E8009A7570 /* SymbolTableViewController.swift */; };
		0DD0AAA8222AD9E8009A7570 /* Main.storyboard in Resources */ = {isa = PBXBuildFile; fileRef = 0DD0AAA6222AD9E8009A7570 /* Main.storyboard */; };
		0DD0AAAA222AD9EA009A7570 /* Assets.xcassets in Resources */ = {isa = PBXBuildFile; fileRef = 0DD0AAA9222AD9EA009A7570 /* Assets.xcassets */; };
		0DD0AAAD222AD9EA009A7570 /* LaunchScreen.storyboard in Resources */ = {isa = PBXBuildFile; fileRef = 0DD0AAAB222AD9EA009A7570 /* LaunchScreen.storyboard */; };
		0DD0AAB5222B093D009A7570 /* SymbolDetailViewController.swift in Sources */ = {isa = PBXBuildFile; fileRef = 0DD0AAB4222B093D009A7570 /* SymbolDetailViewController.swift */; };
		0DD0AAB7222B11AF009A7570 /* SymbolDetailTableHeaderView.swift in Sources */ = {isa = PBXBuildFile; fileRef = 0DD0AAB6222B11AF009A7570 /* SymbolDetailTableHeaderView.swift */; };
		0DD0AAB9222B11C0009A7570 /* SymbolDetailTableHeaderView.xib in Resources */ = {isa = PBXBuildFile; fileRef = 0DD0AAB8222B11C0009A7570 /* SymbolDetailTableHeaderView.xib */; };
		0DD0AABB222B25D6009A7570 /* CurrencyPairTableViewCell.swift in Sources */ = {isa = PBXBuildFile; fileRef = 0DD0AABA222B25D6009A7570 /* CurrencyPairTableViewCell.swift */; };
		A9EC842769A3300CB7A376EA /* Pods_FOREXDemo.framework in Frameworks */ = {isa = PBXBuildFile; fileRef = E692D8BED1ABF08CD282EC32 /* Pods_FOREXDemo.framework */; };
		EE8BE73D223442640071A4BA /* GoogleService-Info.plist in Resources */ = {isa = PBXBuildFile; fileRef = EE8BE73C223442640071A4BA /* GoogleService-Info.plist */; };
/* End PBXBuildFile section */

/* Begin PBXFileReference section */
		0DD0AA9F222AD9E8009A7570 /* FOREXDemo.app */ = {isa = PBXFileReference; explicitFileType = wrapper.application; includeInIndex = 0; path = FOREXDemo.app; sourceTree = BUILT_PRODUCTS_DIR; };
		0DD0AAA2222AD9E8009A7570 /* AppDelegate.swift */ = {isa = PBXFileReference; lastKnownFileType = sourcecode.swift; path = AppDelegate.swift; sourceTree = "<group>"; };
		0DD0AAA4222AD9E8009A7570 /* SymbolTableViewController.swift */ = {isa = PBXFileReference; lastKnownFileType = sourcecode.swift; path = SymbolTableViewController.swift; sourceTree = "<group>"; };
		0DD0AAA7222AD9E8009A7570 /* Base */ = {isa = PBXFileReference; lastKnownFileType = file.storyboard; name = Base; path = Base.lproj/Main.storyboard; sourceTree = "<group>"; };
		0DD0AAA9222AD9EA009A7570 /* Assets.xcassets */ = {isa = PBXFileReference; lastKnownFileType = folder.assetcatalog; path = Assets.xcassets; sourceTree = "<group>"; };
		0DD0AAAC222AD9EA009A7570 /* Base */ = {isa = PBXFileReference; lastKnownFileType = file.storyboard; name = Base; path = Base.lproj/LaunchScreen.storyboard; sourceTree = "<group>"; };
		0DD0AAAE222AD9EA009A7570 /* Info.plist */ = {isa = PBXFileReference; lastKnownFileType = text.plist.xml; path = Info.plist; sourceTree = "<group>"; };
		0DD0AAB4222B093D009A7570 /* SymbolDetailViewController.swift */ = {isa = PBXFileReference; lastKnownFileType = sourcecode.swift; path = SymbolDetailViewController.swift; sourceTree = "<group>"; };
		0DD0AAB6222B11AF009A7570 /* SymbolDetailTableHeaderView.swift */ = {isa = PBXFileReference; lastKnownFileType = sourcecode.swift; path = SymbolDetailTableHeaderView.swift; sourceTree = "<group>"; };
		0DD0AAB8222B11C0009A7570 /* SymbolDetailTableHeaderView.xib */ = {isa = PBXFileReference; lastKnownFileType = file.xib; path = SymbolDetailTableHeaderView.xib; sourceTree = "<group>"; };
		0DD0AABA222B25D6009A7570 /* CurrencyPairTableViewCell.swift */ = {isa = PBXFileReference; lastKnownFileType = sourcecode.swift; path = CurrencyPairTableViewCell.swift; sourceTree = "<group>"; };
		6D7011B1D6597C7594A3CF75 /* Pods-FOREXDemo.debug.xcconfig */ = {isa = PBXFileReference; includeInIndex = 1; lastKnownFileType = text.xcconfig; name = "Pods-FOREXDemo.debug.xcconfig"; path = "Target Support Files/Pods-FOREXDemo/Pods-FOREXDemo.debug.xcconfig"; sourceTree = "<group>"; };
		E357E2FC10CB320467926F05 /* Pods-FOREXDemo.release.xcconfig */ = {isa = PBXFileReference; includeInIndex = 1; lastKnownFileType = text.xcconfig; name = "Pods-FOREXDemo.release.xcconfig"; path = "Target Support Files/Pods-FOREXDemo/Pods-FOREXDemo.release.xcconfig"; sourceTree = "<group>"; };
		E692D8BED1ABF08CD282EC32 /* Pods_FOREXDemo.framework */ = {isa = PBXFileReference; explicitFileType = wrapper.framework; includeInIndex = 0; path = Pods_FOREXDemo.framework; sourceTree = BUILT_PRODUCTS_DIR; };
		EE8BE73C223442640071A4BA /* GoogleService-Info.plist */ = {isa = PBXFileReference; fileEncoding = 4; lastKnownFileType = text.plist.xml; path = "GoogleService-Info.plist"; sourceTree = "<group>"; };
/* End PBXFileReference section */

/* Begin PBXFrameworksBuildPhase section */
		0DD0AA9C222AD9E8009A7570 /* Frameworks */ = {
			isa = PBXFrameworksBuildPhase;
			buildActionMask = 2147483647;
			files = (
				A9EC842769A3300CB7A376EA /* Pods_FOREXDemo.framework in Frameworks */,
			);
			runOnlyForDeploymentPostprocessing = 0;
		};
/* End PBXFrameworksBuildPhase section */

/* Begin PBXGroup section */
		0DD0AA96222AD9E8009A7570 = {
			isa = PBXGroup;
			children = (
				0DD0AAA1222AD9E8009A7570 /* FOREXDemo */,
				0DD0AAA0222AD9E8009A7570 /* Products */,
				2012781BAB3F175AC953E182 /* Pods */,
				300EE6E3448935C01216251B /* Frameworks */,
			);
			sourceTree = "<group>";
		};
		0DD0AAA0222AD9E8009A7570 /* Products */ = {
			isa = PBXGroup;
			children = (
				0DD0AA9F222AD9E8009A7570 /* FOREXDemo.app */,
			);
			name = Products;
			sourceTree = "<group>";
		};
		0DD0AAA1222AD9E8009A7570 /* FOREXDemo */ = {
			isa = PBXGroup;
			children = (
				0DD0AAA2222AD9E8009A7570 /* AppDelegate.swift */,
				0DD0AAA4222AD9E8009A7570 /* SymbolTableViewController.swift */,
				0DD0AAB4222B093D009A7570 /* SymbolDetailViewController.swift */,
				0DD0AAA6222AD9E8009A7570 /* Main.storyboard */,
				0DD0AAA9222AD9EA009A7570 /* Assets.xcassets */,
				0DD0AAAB222AD9EA009A7570 /* LaunchScreen.storyboard */,
				0DD0AAAE222AD9EA009A7570 /* Info.plist */,
				0DD0AAB6222B11AF009A7570 /* SymbolDetailTableHeaderView.swift */,
				0DD0AAB8222B11C0009A7570 /* SymbolDetailTableHeaderView.xib */,
				EE8BE73C223442640071A4BA /* GoogleService-Info.plist */,
				0DD0AABA222B25D6009A7570 /* CurrencyPairTableViewCell.swift */,
			);
			path = FOREXDemo;
			sourceTree = "<group>";
		};
		2012781BAB3F175AC953E182 /* Pods */ = {
			isa = PBXGroup;
			children = (
				6D7011B1D6597C7594A3CF75 /* Pods-FOREXDemo.debug.xcconfig */,
				E357E2FC10CB320467926F05 /* Pods-FOREXDemo.release.xcconfig */,
			);
			path = Pods;
			sourceTree = "<group>";
		};
		300EE6E3448935C01216251B /* Frameworks */ = {
			isa = PBXGroup;
			children = (
				E692D8BED1ABF08CD282EC32 /* Pods_FOREXDemo.framework */,
			);
			name = Frameworks;
			sourceTree = "<group>";
		};
/* End PBXGroup section */

/* Begin PBXNativeTarget section */
		0DD0AA9E222AD9E8009A7570 /* FOREXDemo */ = {
			isa = PBXNativeTarget;
			buildConfigurationList = 0DD0AAB1222AD9EA009A7570 /* Build configuration list for PBXNativeTarget "FOREXDemo" */;
			buildPhases = (
				546F75EEA275245E74352BA7 /* [CP] Check Pods Manifest.lock */,
				0DD0AA9B222AD9E8009A7570 /* Sources */,
				0DD0AA9C222AD9E8009A7570 /* Frameworks */,
				0DD0AA9D222AD9E8009A7570 /* Resources */,
				D3A84E9B2F74A1477D970DAD /* [CP] Embed Pods Frameworks */,
			);
			buildRules = (
			);
			dependencies = (
			);
			name = FOREXDemo;
			productName = FOREXDemo;
			productReference = 0DD0AA9F222AD9E8009A7570 /* FOREXDemo.app */;
			productType = "com.apple.product-type.application";
		};
/* End PBXNativeTarget section */

/* Begin PBXProject section */
		0DD0AA97222AD9E8009A7570 /* Project object */ = {
			isa = PBXProject;
			attributes = {
				LastSwiftUpdateCheck = 1010;
				LastUpgradeCheck = 1010;
				ORGANIZATIONNAME = "Noble Desktop";
				TargetAttributes = {
					0DD0AA9E222AD9E8009A7570 = {
						CreatedOnToolsVersion = 10.1;
					};
				};
			};
			buildConfigurationList = 0DD0AA9A222AD9E8009A7570 /* Build configuration list for PBXProject "FOREXDemo" */;
			compatibilityVersion = "Xcode 9.3";
			developmentRegion = en;
			hasScannedForEncodings = 0;
			knownRegions = (
				en,
				Base,
			);
			mainGroup = 0DD0AA96222AD9E8009A7570;
			productRefGroup = 0DD0AAA0222AD9E8009A7570 /* Products */;
			projectDirPath = "";
			projectRoot = "";
			targets = (
				0DD0AA9E222AD9E8009A7570 /* FOREXDemo */,
			);
		};
/* End PBXProject section */

/* Begin PBXResourcesBuildPhase section */
		0DD0AA9D222AD9E8009A7570 /* Resources */ = {
			isa = PBXResourcesBuildPhase;
			buildActionMask = 2147483647;
			files = (
				0DD0AAAD222AD9EA009A7570 /* LaunchScreen.storyboard in Resources */,
				0DD0AAB9222B11C0009A7570 /* SymbolDetailTableHeaderView.xib in Resources */,
				EE8BE73D223442640071A4BA /* GoogleService-Info.plist in Resources */,
				0DD0AAAA222AD9EA009A7570 /* Assets.xcassets in Resources */,
				0DD0AAA8222AD9E8009A7570 /* Main.storyboard in Resources */,
			);
			runOnlyForDeploymentPostprocessing = 0;
		};
/* End PBXResourcesBuildPhase section */

/* Begin PBXShellScriptBuildPhase section */
		546F75EEA275245E74352BA7 /* [CP] Check Pods Manifest.lock */ = {
			isa = PBXShellScriptBuildPhase;
			buildActionMask = 2147483647;
			files = (
			);
			inputFileListPaths = (
			);
			inputPaths = (
				"${PODS_PODFILE_DIR_PATH}/Podfile.lock",
				"${PODS_ROOT}/Manifest.lock",
			);
			name = "[CP] Check Pods Manifest.lock";
			outputFileListPaths = (
			);
			outputPaths = (
				"$(DERIVED_FILE_DIR)/Pods-FOREXDemo-checkManifestLockResult.txt",
			);
			runOnlyForDeploymentPostprocessing = 0;
			shellPath = /bin/sh;
			shellScript = "diff \"${PODS_PODFILE_DIR_PATH}/Podfile.lock\" \"${PODS_ROOT}/Manifest.lock\" > /dev/null\nif [ $? != 0 ] ; then\n    # print error to STDERR\n    echo \"error: The sandbox is not in sync with the Podfile.lock. Run 'pod install' or update your CocoaPods installation.\" >&2\n    exit 1\nfi\n# This output is used by Xcode 'outputs' to avoid re-running this script phase.\necho \"SUCCESS\" > \"${SCRIPT_OUTPUT_FILE_0}\"\n";
			showEnvVarsInLog = 0;
		};
		D3A84E9B2F74A1477D970DAD /* [CP] Embed Pods Frameworks */ = {
			isa = PBXShellScriptBuildPhase;
			buildActionMask = 2147483647;
			files = (
			);
			inputFileListPaths = (
			);
			inputPaths = (
				"${PODS_ROOT}/Target Support Files/Pods-FOREXDemo/Pods-FOREXDemo-frameworks.sh",
				"${BUILT_PRODUCTS_DIR}/Alamofire/Alamofire.framework",
				"${BUILT_PRODUCTS_DIR}/GoogleUtilities/GoogleUtilities.framework",
				"${BUILT_PRODUCTS_DIR}/nanopb/nanopb.framework",
			);
			name = "[CP] Embed Pods Frameworks";
			outputFileListPaths = (
			);
			outputPaths = (
				"${TARGET_BUILD_DIR}/${FRAMEWORKS_FOLDER_PATH}/Alamofire.framework",
				"${TARGET_BUILD_DIR}/${FRAMEWORKS_FOLDER_PATH}/GoogleUtilities.framework",
				"${TARGET_BUILD_DIR}/${FRAMEWORKS_FOLDER_PATH}/nanopb.framework",
			);
			runOnlyForDeploymentPostprocessing = 0;
			shellPath = /bin/sh;
			shellScript = "\"${PODS_ROOT}/Target Support Files/Pods-FOREXDemo/Pods-FOREXDemo-frameworks.sh\"\n";
			showEnvVarsInLog = 0;
		};
/* End PBXShellScriptBuildPhase section */

/* Begin PBXSourcesBuildPhase section */
		0DD0AA9B222AD9E8009A7570 /* Sources */ = {
			isa = PBXSourcesBuildPhase;
			buildActionMask = 2147483647;
			files = (
				0DD0AAA5222AD9E8009A7570 /* SymbolTableViewController.swift in Sources */,
				0DD0AAA3222AD9E8009A7570 /* AppDelegate.swift in Sources */,
				0DD0AABB222B25D6009A7570 /* CurrencyPairTableViewCell.swift in Sources */,
				0DD0AAB5222B093D009A7570 /* SymbolDetailViewController.swift in Sources */,
				0DD0AAB7222B11AF009A7570 /* SymbolDetailTableHeaderView.swift in Sources */,
			);
			runOnlyForDeploymentPostprocessing = 0;
		};
/* End PBXSourcesBuildPhase section */

/* Begin PBXVariantGroup section */
		0DD0AAA6222AD9E8009A7570 /* Main.storyboard */ = {
			isa = PBXVariantGroup;
			children = (
				0DD0AAA7222AD9E8009A7570 /* Base */,
			);
			name = Main.storyboard;
			sourceTree = "<group>";
		};
		0DD0AAAB222AD9EA009A7570 /* LaunchScreen.storyboard */ = {
			isa = PBXVariantGroup;
			children = (
				0DD0AAAC222AD9EA009A7570 /* Base */,
			);
			name = LaunchScreen.storyboard;
			sourceTree = "<group>";
		};
/* End PBXVariantGroup section */

/* Begin XCBuildConfiguration section */
		0DD0AAAF222AD9EA009A7570 /* Debug */ = {
			isa = XCBuildConfiguration;
			buildSettings = {
				ALWAYS_SEARCH_USER_PATHS = NO;
				CLANG_ANALYZER_NONNULL = YES;
				CLANG_ANALYZER_NUMBER_OBJECT_CONVERSION = YES_AGGRESSIVE;
				CLANG_CXX_LANGUAGE_STANDARD = "gnu++14";
				CLANG_CXX_LIBRARY = "libc++";
				CLANG_ENABLE_MODULES = YES;
				CLANG_ENABLE_OBJC_ARC = YES;
				CLANG_ENABLE_OBJC_WEAK = YES;
				CLANG_WARN_BLOCK_CAPTURE_AUTORELEASING = YES;
				CLANG_WARN_BOOL_CONVERSION = YES;
				CLANG_WARN_COMMA = YES;
				CLANG_WARN_CONSTANT_CONVERSION = YES;
				CLANG_WARN_DEPRECATED_OBJC_IMPLEMENTATIONS = YES;
				CLANG_WARN_DIRECT_OBJC_ISA_USAGE = YES_ERROR;
				CLANG_WARN_DOCUMENTATION_COMMENTS = YES;
				CLANG_WARN_EMPTY_BODY = YES;
				CLANG_WARN_ENUM_CONVERSION = YES;
				CLANG_WARN_INFINITE_RECURSION = YES;
				CLANG_WARN_INT_CONVERSION = YES;
				CLANG_WARN_NON_LITERAL_NULL_CONVERSION = YES;
				CLANG_WARN_OBJC_IMPLICIT_RETAIN_SELF = YES;
				CLANG_WARN_OBJC_LITERAL_CONVERSION = YES;
				CLANG_WARN_OBJC_ROOT_CLASS = YES_ERROR;
				CLANG_WARN_RANGE_LOOP_ANALYSIS = YES;
				CLANG_WARN_STRICT_PROTOTYPES = YES;
				CLANG_WARN_SUSPICIOUS_MOVE = YES;
				CLANG_WARN_UNGUARDED_AVAILABILITY = YES_AGGRESSIVE;
				CLANG_WARN_UNREACHABLE_CODE = YES;
				CLANG_WARN__DUPLICATE_METHOD_MATCH = YES;
				CODE_SIGN_IDENTITY = "iPhone Developer";
				COPY_PHASE_STRIP = NO;
				DEBUG_INFORMATION_FORMAT = dwarf;
				ENABLE_STRICT_OBJC_MSGSEND = YES;
				ENABLE_TESTABILITY = YES;
				GCC_C_LANGUAGE_STANDARD = gnu11;
				GCC_DYNAMIC_NO_PIC = NO;
				GCC_NO_COMMON_BLOCKS = YES;
				GCC_OPTIMIZATION_LEVEL = 0;
				GCC_PREPROCESSOR_DEFINITIONS = (
					"DEBUG=1",
					"$(inherited)",
				);
				GCC_WARN_64_TO_32_BIT_CONVERSION = YES;
				GCC_WARN_ABOUT_RETURN_TYPE = YES_ERROR;
				GCC_WARN_UNDECLARED_SELECTOR = YES;
				GCC_WARN_UNINITIALIZED_AUTOS = YES_AGGRESSIVE;
				GCC_WARN_UNUSED_FUNCTION = YES;
				GCC_WARN_UNUSED_VARIABLE = YES;
				IPHONEOS_DEPLOYMENT_TARGET = 12.1;
				MTL_ENABLE_DEBUG_INFO = INCLUDE_SOURCE;
				MTL_FAST_MATH = YES;
				ONLY_ACTIVE_ARCH = YES;
				SDKROOT = iphoneos;
				SWIFT_ACTIVE_COMPILATION_CONDITIONS = DEBUG;
				SWIFT_OPTIMIZATION_LEVEL = "-Onone";
			};
			name = Debug;
		};
		0DD0AAB0222AD9EA009A7570 /* Release */ = {
			isa = XCBuildConfiguration;
			buildSettings = {
				ALWAYS_SEARCH_USER_PATHS = NO;
				CLANG_ANALYZER_NONNULL = YES;
				CLANG_ANALYZER_NUMBER_OBJECT_CONVERSION = YES_AGGRESSIVE;
				CLANG_CXX_LANGUAGE_STANDARD = "gnu++14";
				CLANG_CXX_LIBRARY = "libc++";
				CLANG_ENABLE_MODULES = YES;
				CLANG_ENABLE_OBJC_ARC = YES;
				CLANG_ENABLE_OBJC_WEAK = YES;
				CLANG_WARN_BLOCK_CAPTURE_AUTORELEASING = YES;
				CLANG_WARN_BOOL_CONVERSION = YES;
				CLANG_WARN_COMMA = YES;
				CLANG_WARN_CONSTANT_CONVERSION = YES;
				CLANG_WARN_DEPRECATED_OBJC_IMPLEMENTATIONS = YES;
				CLANG_WARN_DIRECT_OBJC_ISA_USAGE = YES_ERROR;
				CLANG_WARN_DOCUMENTATION_COMMENTS = YES;
				CLANG_WARN_EMPTY_BODY = YES;
				CLANG_WARN_ENUM_CONVERSION = YES;
				CLANG_WARN_INFINITE_RECURSION = YES;
				CLANG_WARN_INT_CONVERSION = YES;
				CLANG_WARN_NON_LITERAL_NULL_CONVERSION = YES;
				CLANG_WARN_OBJC_IMPLICIT_RETAIN_SELF = YES;
				CLANG_WARN_OBJC_LITERAL_CONVERSION = YES;
				CLANG_WARN_OBJC_ROOT_CLASS = YES_ERROR;
				CLANG_WARN_RANGE_LOOP_ANALYSIS = YES;
				CLANG_WARN_STRICT_PROTOTYPES = YES;
				CLANG_WARN_SUSPICIOUS_MOVE = YES;
				CLANG_WARN_UNGUARDED_AVAILABILITY = YES_AGGRESSIVE;
				CLANG_WARN_UNREACHABLE_CODE = YES;
				CLANG_WARN__DUPLICATE_METHOD_MATCH = YES;
				CODE_SIGN_IDENTITY = "iPhone Developer";
				COPY_PHASE_STRIP = NO;
				DEBUG_INFORMATION_FORMAT = "dwarf-with-dsym";
				ENABLE_NS_ASSERTIONS = NO;
				ENABLE_STRICT_OBJC_MSGSEND = YES;
				GCC_C_LANGUAGE_STANDARD = gnu11;
				GCC_NO_COMMON_BLOCKS = YES;
				GCC_WARN_64_TO_32_BIT_CONVERSION = YES;
				GCC_WARN_ABOUT_RETURN_TYPE = YES_ERROR;
				GCC_WARN_UNDECLARED_SELECTOR = YES;
				GCC_WARN_UNINITIALIZED_AUTOS = YES_AGGRESSIVE;
				GCC_WARN_UNUSED_FUNCTION = YES;
				GCC_WARN_UNUSED_VARIABLE = YES;
				IPHONEOS_DEPLOYMENT_TARGET = 12.1;
				MTL_ENABLE_DEBUG_INFO = NO;
				MTL_FAST_MATH = YES;
				SDKROOT = iphoneos;
				SWIFT_COMPILATION_MODE = wholemodule;
				SWIFT_OPTIMIZATION_LEVEL = "-O";
				VALIDATE_PRODUCT = YES;
			};
			name = Release;
		};
		0DD0AAB2222AD9EA009A7570 /* Debug */ = {
			isa = XCBuildConfiguration;
			baseConfigurationReference = 6D7011B1D6597C7594A3CF75 /* Pods-FOREXDemo.debug.xcconfig */;
			buildSettings = {
				ASSETCATALOG_COMPILER_APPICON_NAME = AppIcon;
				CODE_SIGN_STYLE = Automatic;
				INFOPLIST_FILE = FOREXDemo/Info.plist;
				LD_RUNPATH_SEARCH_PATHS = (
					"$(inherited)",
					"@executable_path/Frameworks",
				);
				PRODUCT_BUNDLE_IDENTIFIER = com.nobledesktop.FOREXDemo;
				PRODUCT_NAME = "$(TARGET_NAME)";
				SWIFT_VERSION = 4.2;
				TARGETED_DEVICE_FAMILY = "1,2";
			};
			name = Debug;
		};
		0DD0AAB3222AD9EA009A7570 /* Release */ = {
			isa = XCBuildConfiguration;
			baseConfigurationReference = E357E2FC10CB320467926F05 /* Pods-FOREXDemo.release.xcconfig */;
			buildSettings = {
				ASSETCATALOG_COMPILER_APPICON_NAME = AppIcon;
				CODE_SIGN_STYLE = Automatic;
				INFOPLIST_FILE = FOREXDemo/Info.plist;
				LD_RUNPATH_SEARCH_PATHS = (
					"$(inherited)",
					"@executable_path/Frameworks",
				);
				PRODUCT_BUNDLE_IDENTIFIER = com.nobledesktop.FOREXDemo;
				PRODUCT_NAME = "$(TARGET_NAME)";
				SWIFT_VERSION = 4.2;
				TARGETED_DEVICE_FAMILY = "1,2";
			};
			name = Release;
		};
/* End XCBuildConfiguration section */

/* Begin XCConfigurationList section */
		0DD0AA9A222AD9E8009A7570 /* Build configuration list for PBXProject "FOREXDemo" */ = {
			isa = XCConfigurationList;
			buildConfigurations = (
				0DD0AAAF222AD9EA009A7570 /* Debug */,
				0DD0AAB0222AD9EA009A7570 /* Release */,
			);
			defaultConfigurationIsVisible = 0;
			defaultConfigurationName = Release;
		};
		0DD0AAB1222AD9EA009A7570 /* Build configuration list for PBXNativeTarget "FOREXDemo" */ = {
			isa = XCConfigurationList;
			buildConfigurations = (
				0DD0AAB2222AD9EA009A7570 /* Debug */,
				0DD0AAB3222AD9EA009A7570 /* Release */,
			);
			defaultConfigurationIsVisible = 0;
			defaultConfigurationName = Release;
		};
/* End XCConfigurationList section */
	};
	rootObject = 0DD0AA97222AD9E8009A7570 /* Project object */;
}
